// !$*UTF8*$!
{
	archiveVersion = 1;
	classes = {
	};
	objectVersion = 50;
	objects = {

/* Begin PBXBuildFile section */
		7A1764CB22553804003FD672 /* AppDelegate.swift in Sources */ = {isa = PBXBuildFile; fileRef = 7A1764CA22553804003FD672 /* AppDelegate.swift */; };
		7A1764CD22553804003FD672 /* ViewController.swift in Sources */ = {isa = PBXBuildFile; fileRef = 7A1764CC22553804003FD672 /* ViewController.swift */; };
		7A1764D022553804003FD672 /* Main.storyboard in Resources */ = {isa = PBXBuildFile; fileRef = 7A1764CE22553804003FD672 /* Main.storyboard */; };
		7A1764D222553806003FD672 /* Assets.xcassets in Resources */ = {isa = PBXBuildFile; fileRef = 7A1764D122553806003FD672 /* Assets.xcassets */; };
		7A1764D522553806003FD672 /* LaunchScreen.storyboard in Resources */ = {isa = PBXBuildFile; fileRef = 7A1764D322553806003FD672 /* LaunchScreen.storyboard */; };
		7A1764DD22553877003FD672 /* JournalTitleViewController.swift in Sources */ = {isa = PBXBuildFile; fileRef = 7A1764DC22553877003FD672 /* JournalTitleViewController.swift */; };
		7A1764DF22553897003FD672 /* PostTableViewController.swift in Sources */ = {isa = PBXBuildFile; fileRef = 7A1764DE22553897003FD672 /* PostTableViewController.swift */; };
		7A1764E1225538B8003FD672 /* PostController.swift in Sources */ = {isa = PBXBuildFile; fileRef = 7A1764E0225538B8003FD672 /* PostController.swift */; };
		7A1764E6225538EB003FD672 /* JournalCoreData.xcdatamodeld in Sources */ = {isa = PBXBuildFile; fileRef = 7A1764E4225538EB003FD672 /* JournalCoreData.xcdatamodeld */; };
		7A1764E922553B2C003FD672 /* CoreDataStack.swift in Sources */ = {isa = PBXBuildFile; fileRef = 7A1764E822553B2C003FD672 /* CoreDataStack.swift */; };
		7A1764EB22553B5A003FD672 /* Entries+Convenience.swift in Sources */ = {isa = PBXBuildFile; fileRef = 7A1764EA22553B5A003FD672 /* Entries+Convenience.swift */; };
		7A1764ED22553B65003FD672 /* Posts+Convenience.swift in Sources */ = {isa = PBXBuildFile; fileRef = 7A1764EC22553B65003FD672 /* Posts+Convenience.swift */; };
/* End PBXBuildFile section */

/* Begin PBXFileReference section */
		7A1764C722553804003FD672 /* JournalCoreData.app */ = {isa = PBXFileReference; explicitFileType = wrapper.application; includeInIndex = 0; path = JournalCoreData.app; sourceTree = BUILT_PRODUCTS_DIR; };
		7A1764CA22553804003FD672 /* AppDelegate.swift */ = {isa = PBXFileReference; lastKnownFileType = sourcecode.swift; path = AppDelegate.swift; sourceTree = "<group>"; };
		7A1764CC22553804003FD672 /* ViewController.swift */ = {isa = PBXFileReference; lastKnownFileType = sourcecode.swift; path = ViewController.swift; sourceTree = "<group>"; };
		7A1764CF22553804003FD672 /* Base */ = {isa = PBXFileReference; lastKnownFileType = file.storyboard; name = Base; path = Base.lproj/Main.storyboard; sourceTree = "<group>"; };
		7A1764D122553806003FD672 /* Assets.xcassets */ = {isa = PBXFileReference; lastKnownFileType = folder.assetcatalog; path = Assets.xcassets; sourceTree = "<group>"; };
		7A1764D422553806003FD672 /* Base */ = {isa = PBXFileReference; lastKnownFileType = file.storyboard; name = Base; path = Base.lproj/LaunchScreen.storyboard; sourceTree = "<group>"; };
		7A1764D622553806003FD672 /* Info.plist */ = {isa = PBXFileReference; lastKnownFileType = text.plist.xml; path = Info.plist; sourceTree = "<group>"; };
		7A1764DC22553877003FD672 /* JournalTitleViewController.swift */ = {isa = PBXFileReference; lastKnownFileType = sourcecode.swift; path = JournalTitleViewController.swift; sourceTree = "<group>"; };
		7A1764DE22553897003FD672 /* PostTableViewController.swift */ = {isa = PBXFileReference; lastKnownFileType = sourcecode.swift; path = PostTableViewController.swift; sourceTree = "<group>"; };
		7A1764E0225538B8003FD672 /* PostController.swift */ = {isa = PBXFileReference; lastKnownFileType = sourcecode.swift; path = PostController.swift; sourceTree = "<group>"; };
		7A1764E5225538EB003FD672 /* JournalCoreData.xcdatamodel */ = {isa = PBXFileReference; lastKnownFileType = wrapper.xcdatamodel; path = JournalCoreData.xcdatamodel; sourceTree = "<group>"; };
		7A1764E822553B2C003FD672 /* CoreDataStack.swift */ = {isa = PBXFileReference; lastKnownFileType = sourcecode.swift; path = CoreDataStack.swift; sourceTree = "<group>"; };
		7A1764EA22553B5A003FD672 /* Entries+Convenience.swift */ = {isa = PBXFileReference; lastKnownFileType = sourcecode.swift; path = "Entries+Convenience.swift"; sourceTree = "<group>"; };
		7A1764EC22553B65003FD672 /* Posts+Convenience.swift */ = {isa = PBXFileReference; lastKnownFileType = sourcecode.swift; path = "Posts+Convenience.swift"; sourceTree = "<group>"; };
/* End PBXFileReference section */

/* Begin PBXFrameworksBuildPhase section */
		7A1764C422553804003FD672 /* Frameworks */ = {
			isa = PBXFrameworksBuildPhase;
			buildActionMask = 2147483647;
			files = (
			);
			runOnlyForDeploymentPostprocessing = 0;
		};
/* End PBXFrameworksBuildPhase section */

/* Begin PBXGroup section */
		7A1764BE22553804003FD672 = {
			isa = PBXGroup;
			children = (
				7A1764C922553804003FD672 /* JournalCoreData */,
				7A1764C822553804003FD672 /* Products */,
			);
			sourceTree = "<group>";
		};
		7A1764C822553804003FD672 /* Products */ = {
			isa = PBXGroup;
			children = (
				7A1764C722553804003FD672 /* JournalCoreData.app */,
			);
			name = Products;
			sourceTree = "<group>";
		};
		7A1764C922553804003FD672 /* JournalCoreData */ = {
			isa = PBXGroup;
			children = (
				7A1764CA22553804003FD672 /* AppDelegate.swift */,
				7A1764E7225538F0003FD672 /* Model */,
				7A1764E3225538CE003FD672 /* Model Controller */,
				7A1764E2225538C6003FD672 /* View Controllers */,
				7A1764CE22553804003FD672 /* Main.storyboard */,
				7A1764D122553806003FD672 /* Assets.xcassets */,
				7A1764D322553806003FD672 /* LaunchScreen.storyboard */,
				7A1764D622553806003FD672 /* Info.plist */,
			);
			path = JournalCoreData;
			sourceTree = "<group>";
		};
		7A1764E2225538C6003FD672 /* View Controllers */ = {
			isa = PBXGroup;
			children = (
				7A1764DE22553897003FD672 /* PostTableViewController.swift */,
				7A1764DC22553877003FD672 /* JournalTitleViewController.swift */,
				7A1764CC22553804003FD672 /* ViewController.swift */,
			);
			path = "View Controllers";
			sourceTree = "<group>";
		};
		7A1764E3225538CE003FD672 /* Model Controller */ = {
			isa = PBXGroup;
			children = (
				7A1764E0225538B8003FD672 /* PostController.swift */,
			);
			path = "Model Controller";
			sourceTree = "<group>";
		};
		7A1764E7225538F0003FD672 /* Model */ = {
			isa = PBXGroup;
			children = (
				7A1764E4225538EB003FD672 /* JournalCoreData.xcdatamodeld */,
				7A1764E822553B2C003FD672 /* CoreDataStack.swift */,
				7A1764EA22553B5A003FD672 /* Entries+Convenience.swift */,
				7A1764EC22553B65003FD672 /* Posts+Convenience.swift */,
			);
			path = Model;
			sourceTree = "<group>";
		};
/* End PBXGroup section */

/* Begin PBXNativeTarget section */
		7A1764C622553804003FD672 /* JournalCoreData */ = {
			isa = PBXNativeTarget;
			buildConfigurationList = 7A1764D922553806003FD672 /* Build configuration list for PBXNativeTarget "JournalCoreData" */;
			buildPhases = (
				7A1764C322553804003FD672 /* Sources */,
				7A1764C422553804003FD672 /* Frameworks */,
				7A1764C522553804003FD672 /* Resources */,
			);
			buildRules = (
			);
			dependencies = (
			);
			name = JournalCoreData;
			productName = JournalCoreData;
			productReference = 7A1764C722553804003FD672 /* JournalCoreData.app */;
			productType = "com.apple.product-type.application";
		};
/* End PBXNativeTarget section */

/* Begin PBXProject section */
		7A1764BF22553804003FD672 /* Project object */ = {
			isa = PBXProject;
			attributes = {
				LastSwiftUpdateCheck = 1020;
				LastUpgradeCheck = 1020;
				ORGANIZATIONNAME = "Nelson Gonzalez";
				TargetAttributes = {
					7A1764C622553804003FD672 = {
						CreatedOnToolsVersion = 10.2;
					};
				};
			};
			buildConfigurationList = 7A1764C222553804003FD672 /* Build configuration list for PBXProject "JournalCoreData" */;
			compatibilityVersion = "Xcode 9.3";
			developmentRegion = en;
			hasScannedForEncodings = 0;
			knownRegions = (
				en,
				Base,
			);
			mainGroup = 7A1764BE22553804003FD672;
			productRefGroup = 7A1764C822553804003FD672 /* Products */;
			projectDirPath = "";
			projectRoot = "";
			targets = (
				7A1764C622553804003FD672 /* JournalCoreData */,
			);
		};
/* End PBXProject section */

/* Begin PBXResourcesBuildPhase section */
		7A1764C522553804003FD672 /* Resources */ = {
			isa = PBXResourcesBuildPhase;
			buildActionMask = 2147483647;
			files = (
				7A1764D522553806003FD672 /* LaunchScreen.storyboard in Resources */,
				7A1764D222553806003FD672 /* Assets.xcassets in Resources */,
				7A1764D022553804003FD672 /* Main.storyboard in Resources */,
			);
			runOnlyForDeploymentPostprocessing = 0;
		};
/* End PBXResourcesBuildPhase section */

/* Begin PBXSourcesBuildPhase section */
		7A1764C322553804003FD672 /* Sources */ = {
			isa = PBXSourcesBuildPhase;
			buildActionMask = 2147483647;
			files = (
				7A1764E922553B2C003FD672 /* CoreDataStack.swift in Sources */,
				7A1764E6225538EB003FD672 /* JournalCoreData.xcdatamodeld in Sources */,
				7A1764E1225538B8003FD672 /* PostController.swift in Sources */,
				7A1764CD22553804003FD672 /* ViewController.swift in Sources */,
				7A1764DF22553897003FD672 /* PostTableViewController.swift in Sources */,
				7A1764DD22553877003FD672 /* JournalTitleViewController.swift in Sources */,
				7A1764EB22553B5A003FD672 /* Entries+Convenience.swift in Sources */,
				7A1764ED22553B65003FD672 /* Posts+Convenience.swift in Sources */,
				7A1764CB22553804003FD672 /* AppDelegate.swift in Sources */,
			);
			runOnlyForDeploymentPostprocessing = 0;
		};
/* End PBXSourcesBuildPhase section */

/* Begin PBXVariantGroup section */
		7A1764CE22553804003FD672 /* Main.storyboard */ = {
			isa = PBXVariantGroup;
			children = (
				7A1764CF22553804003FD672 /* Base */,
			);
			name = Main.storyboard;
			sourceTree = "<group>";
		};
		7A1764D322553806003FD672 /* LaunchScreen.storyboard */ = {
			isa = PBXVariantGroup;
			children = (
				7A1764D422553806003FD672 /* Base */,
			);
			name = LaunchScreen.storyboard;
			sourceTree = "<group>";
		};
/* End PBXVariantGroup section */

/* Begin XCBuildConfiguration section */
		7A1764D722553806003FD672 /* Debug */ = {
			isa = XCBuildConfiguration;
			buildSettings = {
				ALWAYS_SEARCH_USER_PATHS = NO;
				CLANG_ANALYZER_NONNULL = YES;
				CLANG_ANALYZER_NUMBER_OBJECT_CONVERSION = YES_AGGRESSIVE;
				CLANG_CXX_LANGUAGE_STANDARD = "gnu++14";
				CLANG_CXX_LIBRARY = "libc++";
				CLANG_ENABLE_MODULES = YES;
				CLANG_ENABLE_OBJC_ARC = YES;
				CLANG_ENABLE_OBJC_WEAK = YES;
				CLANG_WARN_BLOCK_CAPTURE_AUTORELEASING = YES;
				CLANG_WARN_BOOL_CONVERSION = YES;
				CLANG_WARN_COMMA = YES;
				CLANG_WARN_CONSTANT_CONVERSION = YES;
				CLANG_WARN_DEPRECATED_OBJC_IMPLEMENTATIONS = YES;
				CLANG_WARN_DIRECT_OBJC_ISA_USAGE = YES_ERROR;
				CLANG_WARN_DOCUMENTATION_COMMENTS = YES;
				CLANG_WARN_EMPTY_BODY = YES;
				CLANG_WARN_ENUM_CONVERSION = YES;
				CLANG_WARN_INFINITE_RECURSION = YES;
				CLANG_WARN_INT_CONVERSION = YES;
				CLANG_WARN_NON_LITERAL_NULL_CONVERSION = YES;
				CLANG_WARN_OBJC_IMPLICIT_RETAIN_SELF = YES;
				CLANG_WARN_OBJC_LITERAL_CONVERSION = YES;
				CLANG_WARN_OBJC_ROOT_CLASS = YES_ERROR;
				CLANG_WARN_RANGE_LOOP_ANALYSIS = YES;
				CLANG_WARN_STRICT_PROTOTYPES = YES;
				CLANG_WARN_SUSPICIOUS_MOVE = YES;
				CLANG_WARN_UNGUARDED_AVAILABILITY = YES_AGGRESSIVE;
				CLANG_WARN_UNREACHABLE_CODE = YES;
				CLANG_WARN__DUPLICATE_METHOD_MATCH = YES;
				CODE_SIGN_IDENTITY = "iPhone Developer";
				COPY_PHASE_STRIP = NO;
				DEBUG_INFORMATION_FORMAT = dwarf;
				ENABLE_STRICT_OBJC_MSGSEND = YES;
				ENABLE_TESTABILITY = YES;
				GCC_C_LANGUAGE_STANDARD = gnu11;
				GCC_DYNAMIC_NO_PIC = NO;
				GCC_NO_COMMON_BLOCKS = YES;
				GCC_OPTIMIZATION_LEVEL = 0;
				GCC_PREPROCESSOR_DEFINITIONS = (
					"DEBUG=1",
					"$(inherited)",
				);
				GCC_WARN_64_TO_32_BIT_CONVERSION = YES;
				GCC_WARN_ABOUT_RETURN_TYPE = YES_ERROR;
				GCC_WARN_UNDECLARED_SELECTOR = YES;
				GCC_WARN_UNINITIALIZED_AUTOS = YES_AGGRESSIVE;
				GCC_WARN_UNUSED_FUNCTION = YES;
				GCC_WARN_UNUSED_VARIABLE = YES;
				IPHONEOS_DEPLOYMENT_TARGET = 12.2;
				MTL_ENABLE_DEBUG_INFO = INCLUDE_SOURCE;
				MTL_FAST_MATH = YES;
				ONLY_ACTIVE_ARCH = YES;
				SDKROOT = iphoneos;
				SWIFT_ACTIVE_COMPILATION_CONDITIONS = DEBUG;
				SWIFT_OPTIMIZATION_LEVEL = "-Onone";
			};
			name = Debug;
		};
		7A1764D822553806003FD672 /* Release */ = {
			isa = XCBuildConfiguration;
			buildSettings = {
				ALWAYS_SEARCH_USER_PATHS = NO;
				CLANG_ANALYZER_NONNULL = YES;
				CLANG_ANALYZER_NUMBER_OBJECT_CONVERSION = YES_AGGRESSIVE;
				CLANG_CXX_LANGUAGE_STANDARD = "gnu++14";
				CLANG_CXX_LIBRARY = "libc++";
				CLANG_ENABLE_MODULES = YES;
				CLANG_ENABLE_OBJC_ARC = YES;
				CLANG_ENABLE_OBJC_WEAK = YES;
				CLANG_WARN_BLOCK_CAPTURE_AUTORELEASING = YES;
				CLANG_WARN_BOOL_CONVERSION = YES;
				CLANG_WARN_COMMA = YES;
				CLANG_WARN_CONSTANT_CONVERSION = YES;
				CLANG_WARN_DEPRECATED_OBJC_IMPLEMENTATIONS = YES;
				CLANG_WARN_DIRECT_OBJC_ISA_USAGE = YES_ERROR;
				CLANG_WARN_DOCUMENTATION_COMMENTS = YES;
				CLANG_WARN_EMPTY_BODY = YES;
				CLANG_WARN_ENUM_CONVERSION = YES;
				CLANG_WARN_INFINITE_RECURSION = YES;
				CLANG_WARN_INT_CONVERSION = YES;
				CLANG_WARN_NON_LITERAL_NULL_CONVERSION = YES;
				CLANG_WARN_OBJC_IMPLICIT_RETAIN_SELF = YES;
				CLANG_WARN_OBJC_LITERAL_CONVERSION = YES;
				CLANG_WARN_OBJC_ROOT_CLASS = YES_ERROR;
				CLANG_WARN_RANGE_LOOP_ANALYSIS = YES;
				CLANG_WARN_STRICT_PROTOTYPES = YES;
				CLANG_WARN_SUSPICIOUS_MOVE = YES;
				CLANG_WARN_UNGUARDED_AVAILABILITY = YES_AGGRESSIVE;
				CLANG_WARN_UNREACHABLE_CODE = YES;
				CLANG_WARN__DUPLICATE_METHOD_MATCH = YES;
				CODE_SIGN_IDENTITY = "iPhone Developer";
				COPY_PHASE_STRIP = NO;
				DEBUG_INFORMATION_FORMAT = "dwarf-with-dsym";
				ENABLE_NS_ASSERTIONS = NO;
				ENABLE_STRICT_OBJC_MSGSEND = YES;
				GCC_C_LANGUAGE_STANDARD = gnu11;
				GCC_NO_COMMON_BLOCKS = YES;
				GCC_WARN_64_TO_32_BIT_CONVERSION = YES;
				GCC_WARN_ABOUT_RETURN_TYPE = YES_ERROR;
				GCC_WARN_UNDECLARED_SELECTOR = YES;
				GCC_WARN_UNINITIALIZED_AUTOS = YES_AGGRESSIVE;
				GCC_WARN_UNUSED_FUNCTION = YES;
				GCC_WARN_UNUSED_VARIABLE = YES;
				IPHONEOS_DEPLOYMENT_TARGET = 12.2;
				MTL_ENABLE_DEBUG_INFO = NO;
				MTL_FAST_MATH = YES;
				SDKROOT = iphoneos;
				SWIFT_COMPILATION_MODE = wholemodule;
				SWIFT_OPTIMIZATION_LEVEL = "-O";
				VALIDATE_PRODUCT = YES;
			};
			name = Release;
		};
		7A1764DA22553806003FD672 /* Debug */ = {
			isa = XCBuildConfiguration;
			buildSettings = {
				ASSETCATALOG_COMPILER_APPICON_NAME = AppIcon;
				CODE_SIGN_STYLE = Automatic;
				DEVELOPMENT_TEAM = ZD9LN99SX6;
				INFOPLIST_FILE = JournalCoreData/Info.plist;
				LD_RUNPATH_SEARCH_PATHS = (
					"$(inherited)",
					"@executable_path/Frameworks",
				);
				PRODUCT_BUNDLE_IDENTIFIER = com.nelsongonzalez.JournalCoreData;
				PRODUCT_NAME = "$(TARGET_NAME)";
				SWIFT_VERSION = 5.0;
				TARGETED_DEVICE_FAMILY = "1,2";
			};
			name = Debug;
		};
		7A1764DB22553806003FD672 /* Release */ = {
			isa = XCBuildConfiguration;
			buildSettings = {
				ASSETCATALOG_COMPILER_APPICON_NAME = AppIcon;
				CODE_SIGN_STYLE = Automatic;
				DEVELOPMENT_TEAM = ZD9LN99SX6;
				INFOPLIST_FILE = JournalCoreData/Info.plist;
				LD_RUNPATH_SEARCH_PATHS = (
					"$(inherited)",
					"@executable_path/Frameworks",
				);
				PRODUCT_BUNDLE_IDENTIFIER = com.nelsongonzalez.JournalCoreData;
				PRODUCT_NAME = "$(TARGET_NAME)";
				SWIFT_VERSION = 5.0;
				TARGETED_DEVICE_FAMILY = "1,2";
			};
			name = Release;
		};
/* End XCBuildConfiguration section */

/* Begin XCConfigurationList section */
		7A1764C222553804003FD672 /* Build configuration list for PBXProject "JournalCoreData" */ = {
			isa = XCConfigurationList;
			buildConfigurations = (
				7A1764D722553806003FD672 /* Debug */,
				7A1764D822553806003FD672 /* Release */,
			);
			defaultConfigurationIsVisible = 0;
			defaultConfigurationName = Release;
		};
		7A1764D922553806003FD672 /* Build configuration list for PBXNativeTarget "JournalCoreData" */ = {
			isa = XCConfigurationList;
			buildConfigurations = (
				7A1764DA22553806003FD672 /* Debug */,
				7A1764DB22553806003FD672 /* Release */,
			);
			defaultConfigurationIsVisible = 0;
			defaultConfigurationName = Release;
		};
/* End XCConfigurationList section */

/* Begin XCVersionGroup section */
		7A1764E4225538EB003FD672 /* JournalCoreData.xcdatamodeld */ = {
			isa = XCVersionGroup;
			children = (
				7A1764E5225538EB003FD672 /* JournalCoreData.xcdatamodel */,
			);
			currentVersion = 7A1764E5225538EB003FD672 /* JournalCoreData.xcdatamodel */;
			path = JournalCoreData.xcdatamodeld;
			sourceTree = "<group>";
			versionGroupType = wrapper.xcdatamodel;
		};
/* End XCVersionGroup section */
	};
	rootObject = 7A1764BF22553804003FD672 /* Project object */;
}
